{"1.2.0",
[{<<"gpb">>,{pkg,<<"gpb">>,<<"4.19.7">>},0},
 {<<"ranch">>,{pkg,<<"ranch">>,<<"2.1.0">>},0},
 {<<"rebar3_gpb_plugin">>,{pkg,<<"rebar3_gpb_plugin">>,<<"2.22.1">>},0}]}.
[
{pkg_hash,[
 {<<"gpb">>, <<"A0DA133DB34A62796CBFFBA8AE8210CC266A0E6303A79C5D92CEADC9BCCC9CD0">>},
 {<<"ranch">>, <<"2261F9ED9574DCFCC444106B9F6DA155E6E540B2F82BA3D42B339B93673B72A3">>},
 {<<"rebar3_gpb_plugin">>, <<"DC3CD1AEA019789D8141667D68F7A23E3996B9A48E3D02B7CD5AAC5CDAE3967E">>}]},
{pkg_hash_ext,[
 {<<"gpb">>, <<"82D6A10474551B2C6D057082E05E2D7DFCFC1D22362F4BD5E9077456268D0578">>},
 {<<"ranch">>, <<"244EE3FA2A6175270D8E1FC59024FD9DBC76294A321057DE8F803B1479E76916">>},
 {<<"rebar3_gpb_plugin">>, <<"A5511741F359E9F039C16394AF6FF1DA1CEEDCEBDE0852C1672035D3CE4429A7">>}]}
].
